
Microsoft Visual Studio Solution File, Format Version 12.00
# Visual Studio Version 17
VisualStudioVersion = 17.7.34024.191
MinimumVisualStudioVersion = 10.0.40219.1
Project("{9A19103F-16F7-4668-BE54-9A1E7A4F7556}") = "DotNet.Docker", "Docker-Net-Counter-Serilog-Seq\DotNet.Docker.csproj", "{F8B7729C-689C-43A2-A7A3-B4E65CF1AF3C}"
EndProject
Project("{E53339B2-1760-4266-BCC7-CA923CBCF16C}") = "docker-compose", "docker-compose.dcproj", "{0CFB860E-F9ED-47C6-A80D-1D815A56F410}"
EndProject
Global
	GlobalSection(SolutionConfigurationPlatforms) = preSolution
		Debug|Any CPU = Debug|Any CPU
		Release|Any CPU = Release|Any CPU
	EndGlobalSection
	GlobalSection(ProjectConfigurationPlatforms) = postSolution
		{F8B7729C-689C-43A2-A7A3-B4E65CF1AF3C}.Debug|Any CPU.ActiveCfg = Debug|Any CPU
		{F8B7729C-689C-43A2-A7A3-B4E65CF1AF3C}.Debug|Any CPU.Build.0 = Debug|Any CPU
		{F8B7729C-689C-43A2-A7A3-B4E65CF1AF3C}.Release|Any CPU.ActiveCfg = Release|Any CPU
		{F8B7729C-689C-43A2-A7A3-B4E65CF1AF3C}.Release|Any CPU.Build.0 = Release|Any CPU
		{0CFB860E-F9ED-47C6-A80D-1D815A56F410}.Debug|Any CPU.ActiveCfg = Debug|Any CPU
		{0CFB860E-F9ED-47C6-A80D-1D815A56F410}.Debug|Any CPU.Build.0 = Debug|Any CPU
		{0CFB860E-F9ED-47C6-A80D-1D815A56F410}.Release|Any CPU.ActiveCfg = Release|Any CPU
		{0CFB860E-F9ED-47C6-A80D-1D815A56F410}.Release|Any CPU.Build.0 = Release|Any CPU
	EndGlobalSection
	GlobalSection(SolutionProperties) = preSolution
		HideSolutionNode = FALSE
	EndGlobalSection
	GlobalSection(ExtensibilityGlobals) = postSolution
		SolutionGuid = {7D2DCA1A-4301-471F-943D-B08BC13550D9}
	EndGlobalSection
EndGlobal
